
Microsoft Visual Studio Solution File, Format Version 12.00
# Visual Studio Version 17
VisualStudioVersion = 17.9.34902.65
MinimumVisualStudioVersion = 10.0.40219.1
Project("{9A19103F-16F7-4668-BE54-9A1E7A4F7556}") = "WaqqAPI", "WaqqAPI\WaqqAPI.csproj", "{3C105847-CCBD-4E5A-9D46-3C2484171300}"
EndProject
Project("{9A19103F-16F7-4668-BE54-9A1E7A4F7556}") = "Waqq.Ly", "Waqq.Ly\Waqq.Ly.csproj", "{FC33743E-DFCD-4CCF-AC3F-44DCC8E109A2}"
	ProjectSection(ProjectDependencies) = postProject
		{3C105847-CCBD-4E5A-9D46-3C2484171300} = {3C105847-CCBD-4E5A-9D46-3C2484171300}
	EndProjectSection
EndProject
Project("{E53339B2-1760-4266-BCC7-CA923CBCF16C}") = "docker-compose", "docker-compose.dcproj", "{A6DEF1C8-920C-4484-AF60-E250DD0A3EB4}"
EndProject
Global
	GlobalSection(SolutionConfigurationPlatforms) = preSolution
		Debug|Any CPU = Debug|Any CPU
		Release|Any CPU = Release|Any CPU
	EndGlobalSection
	GlobalSection(ProjectConfigurationPlatforms) = postSolution
		{3C105847-CCBD-4E5A-9D46-3C2484171300}.Debug|Any CPU.ActiveCfg = Debug|Any CPU
		{3C105847-CCBD-4E5A-9D46-3C2484171300}.Debug|Any CPU.Build.0 = Debug|Any CPU
		{3C105847-CCBD-4E5A-9D46-3C2484171300}.Release|Any CPU.ActiveCfg = Release|Any CPU
		{3C105847-CCBD-4E5A-9D46-3C2484171300}.Release|Any CPU.Build.0 = Release|Any CPU
		{FC33743E-DFCD-4CCF-AC3F-44DCC8E109A2}.Debug|Any CPU.ActiveCfg = Debug|Any CPU
		{FC33743E-DFCD-4CCF-AC3F-44DCC8E109A2}.Debug|Any CPU.Build.0 = Debug|Any CPU
		{FC33743E-DFCD-4CCF-AC3F-44DCC8E109A2}.Release|Any CPU.ActiveCfg = Release|Any CPU
		{FC33743E-DFCD-4CCF-AC3F-44DCC8E109A2}.Release|Any CPU.Build.0 = Release|Any CPU
		{A6DEF1C8-920C-4484-AF60-E250DD0A3EB4}.Debug|Any CPU.ActiveCfg = Debug|Any CPU
		{A6DEF1C8-920C-4484-AF60-E250DD0A3EB4}.Debug|Any CPU.Build.0 = Debug|Any CPU
		{A6DEF1C8-920C-4484-AF60-E250DD0A3EB4}.Release|Any CPU.ActiveCfg = Release|Any CPU
		{A6DEF1C8-920C-4484-AF60-E250DD0A3EB4}.Release|Any CPU.Build.0 = Release|Any CPU
	EndGlobalSection
	GlobalSection(SolutionProperties) = preSolution
		HideSolutionNode = FALSE
	EndGlobalSection
	GlobalSection(ExtensibilityGlobals) = postSolution
		SolutionGuid = {347FA630-958C-4010-9FD5-A61CEBFC3588}
	EndGlobalSection
EndGlobal
